
Microsoft Visual Studio Solution File, Format Version 12.00
# Visual Studio 15
VisualStudioVersion = 15.0.26724.1
MinimumVisualStudioVersion = 10.0.40219.1
Project("{F184B08F-C81C-45F6-A57F-5ABD9991F28F}") = "2.5DHero", "2.5DHero\2.5DHero\2.5DHero.vbproj", "{2AAF65BE-C81D-4663-ABF4-E2E09B16E12F}"
EndProject
Global
	GlobalSection(SolutionConfigurationPlatforms) = preSolution
		Debug|Any CPU = Debug|Any CPU
		DebugNoContent|Any CPU = DebugNoContent|Any CPU
		Release|Any CPU = Release|Any CPU
		ReleaseNoContent|Any CPU = ReleaseNoContent|Any CPU
	EndGlobalSection
	GlobalSection(ProjectConfigurationPlatforms) = postSolution
		{2AAF65BE-C81D-4663-ABF4-E2E09B16E12F}.Debug|Any CPU.ActiveCfg = Debug|Any CPU
		{2AAF65BE-C81D-4663-ABF4-E2E09B16E12F}.Debug|Any CPU.Build.0 = Debug|Any CPU
		{2AAF65BE-C81D-4663-ABF4-E2E09B16E12F}.DebugNoContent|Any CPU.ActiveCfg = Debug|Any CPU
		{2AAF65BE-C81D-4663-ABF4-E2E09B16E12F}.DebugNoContent|Any CPU.Build.0 = Debug|Any CPU
		{2AAF65BE-C81D-4663-ABF4-E2E09B16E12F}.Release|Any CPU.ActiveCfg = Release|Any CPU
		{2AAF65BE-C81D-4663-ABF4-E2E09B16E12F}.Release|Any CPU.Build.0 = Release|Any CPU
		{2AAF65BE-C81D-4663-ABF4-E2E09B16E12F}.ReleaseNoContent|Any CPU.ActiveCfg = ReleaseNoContent|Any CPU
		{2AAF65BE-C81D-4663-ABF4-E2E09B16E12F}.ReleaseNoContent|Any CPU.Build.0 = ReleaseNoContent|Any CPU
	EndGlobalSection
	GlobalSection(SolutionProperties) = preSolution
		HideSolutionNode = FALSE
	EndGlobalSection
	GlobalSection(ExtensibilityGlobals) = postSolution
		SolutionGuid = {8FE3951F-DE18-41FF-A035-32DF597A91F2}
	EndGlobalSection
EndGlobal
