
Microsoft Visual Studio Solution File, Format Version 12.00
# Visual Studio 15
VisualStudioVersion = 15.0.26403.3
MinimumVisualStudioVersion = 10.0.40219.1
Project("{F184B08F-C81C-45F6-A57F-5ABD9991F28F}") = "2.5DHero", "2.5DHero\2.5DHero\2.5DHero.vbproj", "{2AAF65BE-C81D-4663-ABF4-E2E09B16E12F}"
	ProjectSection(ProjectDependencies) = postProject
		{EE057806-FAE2-4F37-B85B-A5DE693E6E79} = {EE057806-FAE2-4F37-B85B-A5DE693E6E79}
	EndProjectSection
EndProject
Project("{FAE04EC0-301F-11D3-BF4B-00C04F79EFBC}") = "Universal Content Builder", "Universal Content Builder\Universal Content Builder\Universal Content Builder.csproj", "{EE057806-FAE2-4F37-B85B-A5DE693E6E79}"
EndProject
Project("{FAE04EC0-301F-11D3-BF4B-00C04F79EFBC}") = "Modules.System", "Universal Content Builder\Modules.System\Modules.System\Modules.System.csproj", "{ABDB3EEC-AB40-466F-9FCC-D4EA21385962}"
EndProject
Global
	GlobalSection(SolutionConfigurationPlatforms) = preSolution
		DebugJian|MonoGame 3.5.1 = DebugJian|MonoGame 3.5.1
		DebugJian|MonoGame 3.6 = DebugJian|MonoGame 3.6
		DebugNoContent|MonoGame 3.5.1 = DebugNoContent|MonoGame 3.5.1
		DebugNoContent|MonoGame 3.6 = DebugNoContent|MonoGame 3.6
		ReleaseJian|MonoGame 3.5.1 = ReleaseJian|MonoGame 3.5.1
		ReleaseJian|MonoGame 3.6 = ReleaseJian|MonoGame 3.6
		ReleaseNoContent|MonoGame 3.5.1 = ReleaseNoContent|MonoGame 3.5.1
		ReleaseNoContent|MonoGame 3.6 = ReleaseNoContent|MonoGame 3.6
	EndGlobalSection
	GlobalSection(ProjectConfigurationPlatforms) = postSolution
		{2AAF65BE-C81D-4663-ABF4-E2E09B16E12F}.DebugJian|MonoGame 3.5.1.ActiveCfg = DebugJianNew|Any CPU
		{2AAF65BE-C81D-4663-ABF4-E2E09B16E12F}.DebugJian|MonoGame 3.5.1.Build.0 = DebugJianNew|Any CPU
		{2AAF65BE-C81D-4663-ABF4-E2E09B16E12F}.DebugJian|MonoGame 3.6.ActiveCfg = DebugJianNew|Any CPU
		{2AAF65BE-C81D-4663-ABF4-E2E09B16E12F}.DebugJian|MonoGame 3.6.Build.0 = DebugJianNew|Any CPU
		{2AAF65BE-C81D-4663-ABF4-E2E09B16E12F}.DebugNoContent|MonoGame 3.5.1.ActiveCfg = DebugNoContent|Any CPU
		{2AAF65BE-C81D-4663-ABF4-E2E09B16E12F}.DebugNoContent|MonoGame 3.5.1.Build.0 = DebugNoContent|Any CPU
		{2AAF65BE-C81D-4663-ABF4-E2E09B16E12F}.DebugNoContent|MonoGame 3.6.ActiveCfg = DebugNoContent|Any CPU
		{2AAF65BE-C81D-4663-ABF4-E2E09B16E12F}.DebugNoContent|MonoGame 3.6.Build.0 = DebugNoContent|Any CPU
		{2AAF65BE-C81D-4663-ABF4-E2E09B16E12F}.ReleaseJian|MonoGame 3.5.1.ActiveCfg = ReleaseJianNew|Any CPU
		{2AAF65BE-C81D-4663-ABF4-E2E09B16E12F}.ReleaseJian|MonoGame 3.5.1.Build.0 = ReleaseJianNew|Any CPU
		{2AAF65BE-C81D-4663-ABF4-E2E09B16E12F}.ReleaseJian|MonoGame 3.6.ActiveCfg = ReleaseJianNew|Any CPU
		{2AAF65BE-C81D-4663-ABF4-E2E09B16E12F}.ReleaseJian|MonoGame 3.6.Build.0 = ReleaseJianNew|Any CPU
		{2AAF65BE-C81D-4663-ABF4-E2E09B16E12F}.ReleaseNoContent|MonoGame 3.5.1.ActiveCfg = ReleaseNoContent|Any CPU
		{2AAF65BE-C81D-4663-ABF4-E2E09B16E12F}.ReleaseNoContent|MonoGame 3.5.1.Build.0 = ReleaseNoContent|Any CPU
		{2AAF65BE-C81D-4663-ABF4-E2E09B16E12F}.ReleaseNoContent|MonoGame 3.6.ActiveCfg = ReleaseNoContent|Any CPU
		{2AAF65BE-C81D-4663-ABF4-E2E09B16E12F}.ReleaseNoContent|MonoGame 3.6.Build.0 = ReleaseNoContent|Any CPU
		{EE057806-FAE2-4F37-B85B-A5DE693E6E79}.DebugJian|MonoGame 3.5.1.ActiveCfg = MonoGame|3.5.1
		{EE057806-FAE2-4F37-B85B-A5DE693E6E79}.DebugJian|MonoGame 3.5.1.Build.0 = MonoGame|3.5.1
		{EE057806-FAE2-4F37-B85B-A5DE693E6E79}.DebugJian|MonoGame 3.6.ActiveCfg = MonoGame|3.6
		{EE057806-FAE2-4F37-B85B-A5DE693E6E79}.DebugJian|MonoGame 3.6.Build.0 = MonoGame|3.6
		{EE057806-FAE2-4F37-B85B-A5DE693E6E79}.DebugNoContent|MonoGame 3.5.1.ActiveCfg = MonoGame|3.5.1
		{EE057806-FAE2-4F37-B85B-A5DE693E6E79}.DebugNoContent|MonoGame 3.6.ActiveCfg = MonoGame|3.6
		{EE057806-FAE2-4F37-B85B-A5DE693E6E79}.ReleaseJian|MonoGame 3.5.1.ActiveCfg = MonoGame|3.5.1
		{EE057806-FAE2-4F37-B85B-A5DE693E6E79}.ReleaseJian|MonoGame 3.5.1.Build.0 = MonoGame|3.5.1
		{EE057806-FAE2-4F37-B85B-A5DE693E6E79}.ReleaseJian|MonoGame 3.6.ActiveCfg = MonoGame|3.6
		{EE057806-FAE2-4F37-B85B-A5DE693E6E79}.ReleaseJian|MonoGame 3.6.Build.0 = MonoGame|3.6
		{EE057806-FAE2-4F37-B85B-A5DE693E6E79}.ReleaseNoContent|MonoGame 3.5.1.ActiveCfg = MonoGame|3.5.1
		{EE057806-FAE2-4F37-B85B-A5DE693E6E79}.ReleaseNoContent|MonoGame 3.6.ActiveCfg = MonoGame|3.6
		{ABDB3EEC-AB40-466F-9FCC-D4EA21385962}.DebugJian|MonoGame 3.5.1.ActiveCfg = Debug|Any CPU
		{ABDB3EEC-AB40-466F-9FCC-D4EA21385962}.DebugJian|MonoGame 3.5.1.Build.0 = Debug|Any CPU
		{ABDB3EEC-AB40-466F-9FCC-D4EA21385962}.DebugJian|MonoGame 3.6.ActiveCfg = Debug|Any CPU
		{ABDB3EEC-AB40-466F-9FCC-D4EA21385962}.DebugJian|MonoGame 3.6.Build.0 = Debug|Any CPU
		{ABDB3EEC-AB40-466F-9FCC-D4EA21385962}.DebugNoContent|MonoGame 3.5.1.ActiveCfg = Debug|Any CPU
		{ABDB3EEC-AB40-466F-9FCC-D4EA21385962}.DebugNoContent|MonoGame 3.6.ActiveCfg = Debug|Any CPU
		{ABDB3EEC-AB40-466F-9FCC-D4EA21385962}.DebugNoContent|MonoGame 3.6.Build.0 = Debug|Any CPU
		{ABDB3EEC-AB40-466F-9FCC-D4EA21385962}.ReleaseJian|MonoGame 3.5.1.ActiveCfg = Release|Any CPU
		{ABDB3EEC-AB40-466F-9FCC-D4EA21385962}.ReleaseJian|MonoGame 3.5.1.Build.0 = Release|Any CPU
		{ABDB3EEC-AB40-466F-9FCC-D4EA21385962}.ReleaseJian|MonoGame 3.6.ActiveCfg = Release|Any CPU
		{ABDB3EEC-AB40-466F-9FCC-D4EA21385962}.ReleaseJian|MonoGame 3.6.Build.0 = Release|Any CPU
		{ABDB3EEC-AB40-466F-9FCC-D4EA21385962}.ReleaseNoContent|MonoGame 3.5.1.ActiveCfg = Release|Any CPU
		{ABDB3EEC-AB40-466F-9FCC-D4EA21385962}.ReleaseNoContent|MonoGame 3.6.ActiveCfg = Release|Any CPU
		{ABDB3EEC-AB40-466F-9FCC-D4EA21385962}.ReleaseNoContent|MonoGame 3.6.Build.0 = Release|Any CPU
	EndGlobalSection
	GlobalSection(SolutionProperties) = preSolution
		HideSolutionNode = FALSE
	EndGlobalSection
EndGlobal
