
Microsoft Visual Studio Solution File, Format Version 12.00
# Visual Studio 15
VisualStudioVersion = 15.0.27130.2036
MinimumVisualStudioVersion = 10.0.40219.1
Project("{2150E333-8FDC-42A3-9474-1A3956D46DE8}") = "lib", "lib", "{3CE8099E-129D-40F9-8D23-005DFF32E2A2}"
EndProject
Project("{FAE04EC0-301F-11D3-BF4B-00C04F79EFBC}") = "P3D.ContentPipeline", "lib\P3D.ContentPipeline\P3D.ContentPipeline.csproj", "{C0456069-ED23-4009-BC24-C5B35B25E63B}"
EndProject
Project("{FAE04EC0-301F-11D3-BF4B-00C04F79EFBC}") = "Kolben", "lib\kolben\Kolben\Kolben.csproj", "{ED665F9B-07F4-4415-BD72-A728CF1EA909}"
EndProject
Project("{2150E333-8FDC-42A3-9474-1A3956D46DE8}") = "tools", "tools", "{7877D883-AA51-4C27-ADA5-C4F85F86F4EE}"
EndProject
Project("{FAE04EC0-301F-11D3-BF4B-00C04F79EFBC}") = "PostBuild", "lib\tools\PostBuild\PostBuild.csproj", "{3B2AEA8E-4384-48D8-B26B-2C67466A1352}"
EndProject
Project("{FAE04EC0-301F-11D3-BF4B-00C04F79EFBC}") = "TearUp", "lib\tools\TearUp\TearUp.csproj", "{417FEA8A-9334-4938-9370-519EF1551B05}"
EndProject
Project("{FAE04EC0-301F-11D3-BF4B-00C04F79EFBC}") = "TearDown", "lib\tools\TearDown\TearDown.csproj", "{0AE314A4-6005-48C7-BCD4-33E4C5057CFD}"
EndProject
Project("{FAE04EC0-301F-11D3-BF4B-00C04F79EFBC}") = "GameDevCommon", "lib\game-dev-common\src\GameDevCommon\GameDevCommon.csproj", "{087378EE-7591-47CE-979F-6824FC0606EF}"
EndProject
Project("{FAE04EC0-301F-11D3-BF4B-00C04F79EFBC}") = "ttf2bmp", "lib\ttf2bmp\ttf2bmp.csproj", "{61691D80-1572-4EFE-BC53-608D6063AF22}"
EndProject
Project("{F184B08F-C81C-45F6-A57F-5ABD9991F28F}") = "P3D", "P3D\P3D.vbproj", "{D408D650-EAF0-4FAC-A44C-C66B61D916A7}"
EndProject
Project("{FAE04EC0-301F-11D3-BF4B-00C04F79EFBC}") = "P3D.SourceGenerator", "P3D.SourceGenerator\P3D.SourceGenerator.csproj", "{DA40E74C-88A6-496B-9959-4AFF5BF91293}"
EndProject
Global
	GlobalSection(SolutionConfigurationPlatforms) = preSolution
		Debug|Any CPU = Debug|Any CPU
		DebugNoContent|Any CPU = DebugNoContent|Any CPU
		Release|Any CPU = Release|Any CPU
		ReleaseNoContent|Any CPU = ReleaseNoContent|Any CPU
	EndGlobalSection
	GlobalSection(ProjectConfigurationPlatforms) = postSolution
		{C0456069-ED23-4009-BC24-C5B35B25E63B}.Debug|Any CPU.ActiveCfg = Debug|Any CPU
		{C0456069-ED23-4009-BC24-C5B35B25E63B}.Debug|Any CPU.Build.0 = Debug|Any CPU
		{C0456069-ED23-4009-BC24-C5B35B25E63B}.DebugNoContent|Any CPU.ActiveCfg = Debug|Any CPU
		{C0456069-ED23-4009-BC24-C5B35B25E63B}.DebugNoContent|Any CPU.Build.0 = Debug|Any CPU
		{C0456069-ED23-4009-BC24-C5B35B25E63B}.Release|Any CPU.ActiveCfg = Release|Any CPU
		{C0456069-ED23-4009-BC24-C5B35B25E63B}.Release|Any CPU.Build.0 = Release|Any CPU
		{C0456069-ED23-4009-BC24-C5B35B25E63B}.ReleaseNoContent|Any CPU.ActiveCfg = Release|Any CPU
		{C0456069-ED23-4009-BC24-C5B35B25E63B}.ReleaseNoContent|Any CPU.Build.0 = Release|Any CPU
		{ED665F9B-07F4-4415-BD72-A728CF1EA909}.Debug|Any CPU.ActiveCfg = Debug|Any CPU
		{ED665F9B-07F4-4415-BD72-A728CF1EA909}.Debug|Any CPU.Build.0 = Debug|Any CPU
		{ED665F9B-07F4-4415-BD72-A728CF1EA909}.DebugNoContent|Any CPU.ActiveCfg = Debug|Any CPU
		{ED665F9B-07F4-4415-BD72-A728CF1EA909}.DebugNoContent|Any CPU.Build.0 = Debug|Any CPU
		{ED665F9B-07F4-4415-BD72-A728CF1EA909}.Release|Any CPU.ActiveCfg = Release|Any CPU
		{ED665F9B-07F4-4415-BD72-A728CF1EA909}.Release|Any CPU.Build.0 = Release|Any CPU
		{ED665F9B-07F4-4415-BD72-A728CF1EA909}.ReleaseNoContent|Any CPU.ActiveCfg = Release|Any CPU
		{ED665F9B-07F4-4415-BD72-A728CF1EA909}.ReleaseNoContent|Any CPU.Build.0 = Release|Any CPU
		{3B2AEA8E-4384-48D8-B26B-2C67466A1352}.Debug|Any CPU.ActiveCfg = Debug|Any CPU
		{3B2AEA8E-4384-48D8-B26B-2C67466A1352}.Debug|Any CPU.Build.0 = Debug|Any CPU
		{3B2AEA8E-4384-48D8-B26B-2C67466A1352}.DebugNoContent|Any CPU.ActiveCfg = Debug|Any CPU
		{3B2AEA8E-4384-48D8-B26B-2C67466A1352}.DebugNoContent|Any CPU.Build.0 = Debug|Any CPU
		{3B2AEA8E-4384-48D8-B26B-2C67466A1352}.Release|Any CPU.ActiveCfg = Release|Any CPU
		{3B2AEA8E-4384-48D8-B26B-2C67466A1352}.Release|Any CPU.Build.0 = Release|Any CPU
		{3B2AEA8E-4384-48D8-B26B-2C67466A1352}.ReleaseNoContent|Any CPU.ActiveCfg = Release|Any CPU
		{3B2AEA8E-4384-48D8-B26B-2C67466A1352}.ReleaseNoContent|Any CPU.Build.0 = Release|Any CPU
		{417FEA8A-9334-4938-9370-519EF1551B05}.Debug|Any CPU.ActiveCfg = Debug|Any CPU
		{417FEA8A-9334-4938-9370-519EF1551B05}.Debug|Any CPU.Build.0 = Debug|Any CPU
		{417FEA8A-9334-4938-9370-519EF1551B05}.DebugNoContent|Any CPU.ActiveCfg = Debug|Any CPU
		{417FEA8A-9334-4938-9370-519EF1551B05}.DebugNoContent|Any CPU.Build.0 = Debug|Any CPU
		{417FEA8A-9334-4938-9370-519EF1551B05}.Release|Any CPU.ActiveCfg = Release|Any CPU
		{417FEA8A-9334-4938-9370-519EF1551B05}.Release|Any CPU.Build.0 = Release|Any CPU
		{417FEA8A-9334-4938-9370-519EF1551B05}.ReleaseNoContent|Any CPU.ActiveCfg = Release|Any CPU
		{417FEA8A-9334-4938-9370-519EF1551B05}.ReleaseNoContent|Any CPU.Build.0 = Release|Any CPU
		{0AE314A4-6005-48C7-BCD4-33E4C5057CFD}.Debug|Any CPU.ActiveCfg = Debug|Any CPU
		{0AE314A4-6005-48C7-BCD4-33E4C5057CFD}.Debug|Any CPU.Build.0 = Debug|Any CPU
		{0AE314A4-6005-48C7-BCD4-33E4C5057CFD}.DebugNoContent|Any CPU.ActiveCfg = Debug|Any CPU
		{0AE314A4-6005-48C7-BCD4-33E4C5057CFD}.DebugNoContent|Any CPU.Build.0 = Debug|Any CPU
		{0AE314A4-6005-48C7-BCD4-33E4C5057CFD}.Release|Any CPU.ActiveCfg = Release|Any CPU
		{0AE314A4-6005-48C7-BCD4-33E4C5057CFD}.Release|Any CPU.Build.0 = Release|Any CPU
		{0AE314A4-6005-48C7-BCD4-33E4C5057CFD}.ReleaseNoContent|Any CPU.ActiveCfg = Release|Any CPU
		{0AE314A4-6005-48C7-BCD4-33E4C5057CFD}.ReleaseNoContent|Any CPU.Build.0 = Release|Any CPU
		{087378EE-7591-47CE-979F-6824FC0606EF}.Debug|Any CPU.ActiveCfg = Debug|Any CPU
		{087378EE-7591-47CE-979F-6824FC0606EF}.Debug|Any CPU.Build.0 = Debug|Any CPU
		{087378EE-7591-47CE-979F-6824FC0606EF}.DebugNoContent|Any CPU.ActiveCfg = Debug|Any CPU
		{087378EE-7591-47CE-979F-6824FC0606EF}.DebugNoContent|Any CPU.Build.0 = Debug|Any CPU
		{087378EE-7591-47CE-979F-6824FC0606EF}.Release|Any CPU.ActiveCfg = Release|Any CPU
		{087378EE-7591-47CE-979F-6824FC0606EF}.Release|Any CPU.Build.0 = Release|Any CPU
		{087378EE-7591-47CE-979F-6824FC0606EF}.ReleaseNoContent|Any CPU.ActiveCfg = Release|Any CPU
		{087378EE-7591-47CE-979F-6824FC0606EF}.ReleaseNoContent|Any CPU.Build.0 = Release|Any CPU
		{61691D80-1572-4EFE-BC53-608D6063AF22}.Debug|Any CPU.ActiveCfg = Debug|Any CPU
		{61691D80-1572-4EFE-BC53-608D6063AF22}.Debug|Any CPU.Build.0 = Debug|Any CPU
		{61691D80-1572-4EFE-BC53-608D6063AF22}.DebugNoContent|Any CPU.ActiveCfg = Debug|Any CPU
		{61691D80-1572-4EFE-BC53-608D6063AF22}.DebugNoContent|Any CPU.Build.0 = Debug|Any CPU
		{61691D80-1572-4EFE-BC53-608D6063AF22}.Release|Any CPU.ActiveCfg = Release|Any CPU
		{61691D80-1572-4EFE-BC53-608D6063AF22}.Release|Any CPU.Build.0 = Release|Any CPU
		{61691D80-1572-4EFE-BC53-608D6063AF22}.ReleaseNoContent|Any CPU.ActiveCfg = Release|Any CPU
		{61691D80-1572-4EFE-BC53-608D6063AF22}.ReleaseNoContent|Any CPU.Build.0 = Release|Any CPU
		{D408D650-EAF0-4FAC-A44C-C66B61D916A7}.Debug|Any CPU.ActiveCfg = Debug|Any CPU
		{D408D650-EAF0-4FAC-A44C-C66B61D916A7}.Debug|Any CPU.Build.0 = Debug|Any CPU
		{D408D650-EAF0-4FAC-A44C-C66B61D916A7}.Release|Any CPU.ActiveCfg = Release|Any CPU
		{D408D650-EAF0-4FAC-A44C-C66B61D916A7}.Release|Any CPU.Build.0 = Release|Any CPU
		{D408D650-EAF0-4FAC-A44C-C66B61D916A7}.DebugNoContent|Any CPU.ActiveCfg = DebugNoContent|Any CPU
		{D408D650-EAF0-4FAC-A44C-C66B61D916A7}.DebugNoContent|Any CPU.Build.0 = DebugNoContent|Any CPU
		{D408D650-EAF0-4FAC-A44C-C66B61D916A7}.ReleaseNoContent|Any CPU.ActiveCfg = ReleaseNoContent|Any CPU
		{D408D650-EAF0-4FAC-A44C-C66B61D916A7}.ReleaseNoContent|Any CPU.Build.0 = ReleaseNoContent|Any CPU
		{DA40E74C-88A6-496B-9959-4AFF5BF91293}.Debug|Any CPU.ActiveCfg = Debug|Any CPU
		{DA40E74C-88A6-496B-9959-4AFF5BF91293}.Debug|Any CPU.Build.0 = Debug|Any CPU
		{DA40E74C-88A6-496B-9959-4AFF5BF91293}.DebugNoContent|Any CPU.ActiveCfg = Debug|Any CPU
		{DA40E74C-88A6-496B-9959-4AFF5BF91293}.DebugNoContent|Any CPU.Build.0 = Debug|Any CPU
		{DA40E74C-88A6-496B-9959-4AFF5BF91293}.Release|Any CPU.ActiveCfg = Release|Any CPU
		{DA40E74C-88A6-496B-9959-4AFF5BF91293}.Release|Any CPU.Build.0 = Release|Any CPU
		{DA40E74C-88A6-496B-9959-4AFF5BF91293}.ReleaseNoContent|Any CPU.ActiveCfg = Release|Any CPU
		{DA40E74C-88A6-496B-9959-4AFF5BF91293}.ReleaseNoContent|Any CPU.Build.0 = Release|Any CPU
	EndGlobalSection
	GlobalSection(SolutionProperties) = preSolution
		HideSolutionNode = FALSE
	EndGlobalSection
	GlobalSection(NestedProjects) = preSolution
		{C0456069-ED23-4009-BC24-C5B35B25E63B} = {3CE8099E-129D-40F9-8D23-005DFF32E2A2}
		{ED665F9B-07F4-4415-BD72-A728CF1EA909} = {3CE8099E-129D-40F9-8D23-005DFF32E2A2}
		{7877D883-AA51-4C27-ADA5-C4F85F86F4EE} = {3CE8099E-129D-40F9-8D23-005DFF32E2A2}
		{3B2AEA8E-4384-48D8-B26B-2C67466A1352} = {7877D883-AA51-4C27-ADA5-C4F85F86F4EE}
		{417FEA8A-9334-4938-9370-519EF1551B05} = {7877D883-AA51-4C27-ADA5-C4F85F86F4EE}
		{0AE314A4-6005-48C7-BCD4-33E4C5057CFD} = {7877D883-AA51-4C27-ADA5-C4F85F86F4EE}
		{087378EE-7591-47CE-979F-6824FC0606EF} = {3CE8099E-129D-40F9-8D23-005DFF32E2A2}
		{61691D80-1572-4EFE-BC53-608D6063AF22} = {3CE8099E-129D-40F9-8D23-005DFF32E2A2}
	EndGlobalSection
	GlobalSection(ExtensibilityGlobals) = postSolution
		SolutionGuid = {8FE3951F-DE18-41FF-A035-32DF597A91F2}
	EndGlobalSection
EndGlobal
