
Microsoft Visual Studio Solution File, Format Version 12.00
# Visual Studio 15
VisualStudioVersion = 15.0.27130.2026
MinimumVisualStudioVersion = 10.0.40219.1
Project("{F184B08F-C81C-45F6-A57F-5ABD9991F28F}") = "P3D", "P3D\P3D.vbproj", "{2AAF65BE-C81D-4663-ABF4-E2E09B16E12F}"
EndProject
Project("{2150E333-8FDC-42A3-9474-1A3956D46DE8}") = "lib", "lib", "{3CE8099E-129D-40F9-8D23-005DFF32E2A2}"
EndProject
Project("{FAE04EC0-301F-11D3-BF4B-00C04F79EFBC}") = "P3D.ContentPipeline", "lib\P3D.ContentPipeline\P3D.ContentPipeline.csproj", "{C0456069-ED23-4009-BC24-C5B35B25E63B}"
EndProject
Project("{FAE04EC0-301F-11D3-BF4B-00C04F79EFBC}") = "Kolben", "lib\kolben\Kolben\Kolben.csproj", "{ED665F9B-07F4-4415-BD72-A728CF1EA909}"
EndProject
Global
	GlobalSection(SolutionConfigurationPlatforms) = preSolution
		Debug|Any CPU = Debug|Any CPU
		DebugNoContent|Any CPU = DebugNoContent|Any CPU
		Release|Any CPU = Release|Any CPU
		ReleaseNoContent|Any CPU = ReleaseNoContent|Any CPU
	EndGlobalSection
	GlobalSection(ProjectConfigurationPlatforms) = postSolution
		{2AAF65BE-C81D-4663-ABF4-E2E09B16E12F}.Debug|Any CPU.ActiveCfg = Debug|Any CPU
		{2AAF65BE-C81D-4663-ABF4-E2E09B16E12F}.Debug|Any CPU.Build.0 = Debug|Any CPU
		{2AAF65BE-C81D-4663-ABF4-E2E09B16E12F}.DebugNoContent|Any CPU.ActiveCfg = Debug|Any CPU
		{2AAF65BE-C81D-4663-ABF4-E2E09B16E12F}.DebugNoContent|Any CPU.Build.0 = Debug|Any CPU
		{2AAF65BE-C81D-4663-ABF4-E2E09B16E12F}.Release|Any CPU.ActiveCfg = Release|Any CPU
		{2AAF65BE-C81D-4663-ABF4-E2E09B16E12F}.Release|Any CPU.Build.0 = Release|Any CPU
		{2AAF65BE-C81D-4663-ABF4-E2E09B16E12F}.ReleaseNoContent|Any CPU.ActiveCfg = ReleaseNoContent|Any CPU
		{2AAF65BE-C81D-4663-ABF4-E2E09B16E12F}.ReleaseNoContent|Any CPU.Build.0 = ReleaseNoContent|Any CPU
		{C0456069-ED23-4009-BC24-C5B35B25E63B}.Debug|Any CPU.ActiveCfg = Debug|Any CPU
		{C0456069-ED23-4009-BC24-C5B35B25E63B}.Debug|Any CPU.Build.0 = Debug|Any CPU
		{C0456069-ED23-4009-BC24-C5B35B25E63B}.DebugNoContent|Any CPU.ActiveCfg = Debug|Any CPU
		{C0456069-ED23-4009-BC24-C5B35B25E63B}.DebugNoContent|Any CPU.Build.0 = Debug|Any CPU
		{C0456069-ED23-4009-BC24-C5B35B25E63B}.Release|Any CPU.ActiveCfg = Release|Any CPU
		{C0456069-ED23-4009-BC24-C5B35B25E63B}.Release|Any CPU.Build.0 = Release|Any CPU
		{C0456069-ED23-4009-BC24-C5B35B25E63B}.ReleaseNoContent|Any CPU.ActiveCfg = Release|Any CPU
		{C0456069-ED23-4009-BC24-C5B35B25E63B}.ReleaseNoContent|Any CPU.Build.0 = Release|Any CPU
		{ED665F9B-07F4-4415-BD72-A728CF1EA909}.Debug|Any CPU.ActiveCfg = Debug|Any CPU
		{ED665F9B-07F4-4415-BD72-A728CF1EA909}.Debug|Any CPU.Build.0 = Debug|Any CPU
		{ED665F9B-07F4-4415-BD72-A728CF1EA909}.DebugNoContent|Any CPU.ActiveCfg = Debug|Any CPU
		{ED665F9B-07F4-4415-BD72-A728CF1EA909}.DebugNoContent|Any CPU.Build.0 = Debug|Any CPU
		{ED665F9B-07F4-4415-BD72-A728CF1EA909}.Release|Any CPU.ActiveCfg = Release|Any CPU
		{ED665F9B-07F4-4415-BD72-A728CF1EA909}.Release|Any CPU.Build.0 = Release|Any CPU
		{ED665F9B-07F4-4415-BD72-A728CF1EA909}.ReleaseNoContent|Any CPU.ActiveCfg = Release|Any CPU
		{ED665F9B-07F4-4415-BD72-A728CF1EA909}.ReleaseNoContent|Any CPU.Build.0 = Release|Any CPU
	EndGlobalSection
	GlobalSection(SolutionProperties) = preSolution
		HideSolutionNode = FALSE
	EndGlobalSection
	GlobalSection(NestedProjects) = preSolution
		{C0456069-ED23-4009-BC24-C5B35B25E63B} = {3CE8099E-129D-40F9-8D23-005DFF32E2A2}
		{ED665F9B-07F4-4415-BD72-A728CF1EA909} = {3CE8099E-129D-40F9-8D23-005DFF32E2A2}
	EndGlobalSection
	GlobalSection(ExtensibilityGlobals) = postSolution
		SolutionGuid = {8FE3951F-DE18-41FF-A035-32DF597A91F2}
	EndGlobalSection
EndGlobal
